// !$*UTF8*$!
{
	archiveVersion = 1;
	classes = {
	};
	objectVersion = 56;
	objects = {

/* Begin PBXBuildFile section */
		91458B9F2ACE7C09004507C8 /* gitApp.swift in Sources */ = {isa = PBXBuildFile; fileRef = 91458B9E2ACE7C09004507C8 /* gitApp.swift */; };
		91458BA12ACE7C09004507C8 /* ContentView.swift in Sources */ = {isa = PBXBuildFile; fileRef = 91458BA02ACE7C09004507C8 /* ContentView.swift */; };
		91458BA32ACE7C0A004507C8 /* Assets.xcassets in Resources */ = {isa = PBXBuildFile; fileRef = 91458BA22ACE7C0A004507C8 /* Assets.xcassets */; };
		91458BA62ACE7C0A004507C8 /* Preview Assets.xcassets in Resources */ = {isa = PBXBuildFile; fileRef = 91458BA52ACE7C0A004507C8 /* Preview Assets.xcassets */; };
		91458BB02ACE7C0A004507C8 /* gitTests.swift in Sources */ = {isa = PBXBuildFile; fileRef = 91458BAF2ACE7C0A004507C8 /* gitTests.swift */; };
		91458BBA2ACE7C0A004507C8 /* gitUITests.swift in Sources */ = {isa = PBXBuildFile; fileRef = 91458BB92ACE7C0A004507C8 /* gitUITests.swift */; };
		91458BBC2ACE7C0A004507C8 /* gitUITestsLaunchTests.swift in Sources */ = {isa = PBXBuildFile; fileRef = 91458BBB2ACE7C0A004507C8 /* gitUITestsLaunchTests.swift */; };
/* End PBXBuildFile section */

/* Begin PBXContainerItemProxy section */
		91458BAC2ACE7C0A004507C8 /* PBXContainerItemProxy */ = {
			isa = PBXContainerItemProxy;
			containerPortal = 91458B932ACE7C09004507C8 /* Project object */;
			proxyType = 1;
			remoteGlobalIDString = 91458B9A2ACE7C09004507C8;
			remoteInfo = git;
		};
		91458BB62ACE7C0A004507C8 /* PBXContainerItemProxy */ = {
			isa = PBXContainerItemProxy;
			containerPortal = 91458B932ACE7C09004507C8 /* Project object */;
			proxyType = 1;
			remoteGlobalIDString = 91458B9A2ACE7C09004507C8;
			remoteInfo = git;
		};
/* End PBXContainerItemProxy section */

/* Begin PBXFileReference section */
		91458B9B2ACE7C09004507C8 /* git.app */ = {isa = PBXFileReference; explicitFileType = wrapper.application; includeInIndex = 0; path = git.app; sourceTree = BUILT_PRODUCTS_DIR; };
		91458B9E2ACE7C09004507C8 /* gitApp.swift */ = {isa = PBXFileReference; lastKnownFileType = sourcecode.swift; path = gitApp.swift; sourceTree = "<group>"; };
		91458BA02ACE7C09004507C8 /* ContentView.swift */ = {isa = PBXFileReference; lastKnownFileType = sourcecode.swift; path = ContentView.swift; sourceTree = "<group>"; };
		91458BA22ACE7C0A004507C8 /* Assets.xcassets */ = {isa = PBXFileReference; lastKnownFileType = folder.assetcatalog; path = Assets.xcassets; sourceTree = "<group>"; };
		91458BA52ACE7C0A004507C8 /* Preview Assets.xcassets */ = {isa = PBXFileReference; lastKnownFileType = folder.assetcatalog; path = "Preview Assets.xcassets"; sourceTree = "<group>"; };
		91458BAB2ACE7C0A004507C8 /* gitTests.xctest */ = {isa = PBXFileReference; explicitFileType = wrapper.cfbundle; includeInIndex = 0; path = gitTests.xctest; sourceTree = BUILT_PRODUCTS_DIR; };
		91458BAF2ACE7C0A004507C8 /* gitTests.swift */ = {isa = PBXFileReference; lastKnownFileType = sourcecode.swift; path = gitTests.swift; sourceTree = "<group>"; };
		91458BB52ACE7C0A004507C8 /* gitUITests.xctest */ = {isa = PBXFileReference; explicitFileType = wrapper.cfbundle; includeInIndex = 0; path = gitUITests.xctest; sourceTree = BUILT_PRODUCTS_DIR; };
		91458BB92ACE7C0A004507C8 /* gitUITests.swift */ = {isa = PBXFileReference; lastKnownFileType = sourcecode.swift; path = gitUITests.swift; sourceTree = "<group>"; };
		91458BBB2ACE7C0A004507C8 /* gitUITestsLaunchTests.swift */ = {isa = PBXFileReference; lastKnownFileType = sourcecode.swift; path = gitUITestsLaunchTests.swift; sourceTree = "<group>"; };
/* End PBXFileReference section */

/* Begin PBXFrameworksBuildPhase section */
		91458B982ACE7C09004507C8 /* Frameworks */ = {
			isa = PBXFrameworksBuildPhase;
			buildActionMask = 2147483647;
			files = (
			);
			runOnlyForDeploymentPostprocessing = 0;
		};
		91458BA82ACE7C0A004507C8 /* Frameworks */ = {
			isa = PBXFrameworksBuildPhase;
			buildActionMask = 2147483647;
			files = (
			);
			runOnlyForDeploymentPostprocessing = 0;
		};
		91458BB22ACE7C0A004507C8 /* Frameworks */ = {
			isa = PBXFrameworksBuildPhase;
			buildActionMask = 2147483647;
			files = (
			);
			runOnlyForDeploymentPostprocessing = 0;
		};
/* End PBXFrameworksBuildPhase section */

/* Begin PBXGroup section */
		91458B922ACE7C09004507C8 = {
			isa = PBXGroup;
			children = (
				91458B9D2ACE7C09004507C8 /* git */,
				91458BAE2ACE7C0A004507C8 /* gitTests */,
				91458BB82ACE7C0A004507C8 /* gitUITests */,
				91458B9C2ACE7C09004507C8 /* Products */,
			);
			sourceTree = "<group>";
		};
		91458B9C2ACE7C09004507C8 /* Products */ = {
			isa = PBXGroup;
			children = (
				91458B9B2ACE7C09004507C8 /* git.app */,
				91458BAB2ACE7C0A004507C8 /* gitTests.xctest */,
				91458BB52ACE7C0A004507C8 /* gitUITests.xctest */,
			);
			name = Products;
			sourceTree = "<group>";
		};
		91458B9D2ACE7C09004507C8 /* git */ = {
			isa = PBXGroup;
			children = (
				91458B9E2ACE7C09004507C8 /* gitApp.swift */,
				91458BA02ACE7C09004507C8 /* ContentView.swift */,
				91458BA22ACE7C0A004507C8 /* Assets.xcassets */,
				91458BA42ACE7C0A004507C8 /* Preview Content */,
			);
			path = git;
			sourceTree = "<group>";
		};
		91458BA42ACE7C0A004507C8 /* Preview Content */ = {
			isa = PBXGroup;
			children = (
				91458BA52ACE7C0A004507C8 /* Preview Assets.xcassets */,
			);
			path = "Preview Content";
			sourceTree = "<group>";
		};
		91458BAE2ACE7C0A004507C8 /* gitTests */ = {
			isa = PBXGroup;
			children = (
				91458BAF2ACE7C0A004507C8 /* gitTests.swift */,
			);
			path = gitTests;
			sourceTree = "<group>";
		};
		91458BB82ACE7C0A004507C8 /* gitUITests */ = {
			isa = PBXGroup;
			children = (
				91458BB92ACE7C0A004507C8 /* gitUITests.swift */,
				91458BBB2ACE7C0A004507C8 /* gitUITestsLaunchTests.swift */,
			);
			path = gitUITests;
			sourceTree = "<group>";
		};
/* End PBXGroup section */

/* Begin PBXNativeTarget section */
		91458B9A2ACE7C09004507C8 /* git */ = {
			isa = PBXNativeTarget;
			buildConfigurationList = 91458BBF2ACE7C0A004507C8 /* Build configuration list for PBXNativeTarget "git" */;
			buildPhases = (
				91458B972ACE7C09004507C8 /* Sources */,
				91458B982ACE7C09004507C8 /* Frameworks */,
				91458B992ACE7C09004507C8 /* Resources */,
			);
			buildRules = (
			);
			dependencies = (
			);
			name = git;
			productName = git;
			productReference = 91458B9B2ACE7C09004507C8 /* git.app */;
			productType = "com.apple.product-type.application";
		};
		91458BAA2ACE7C0A004507C8 /* gitTests */ = {
			isa = PBXNativeTarget;
			buildConfigurationList = 91458BC22ACE7C0A004507C8 /* Build configuration list for PBXNativeTarget "gitTests" */;
			buildPhases = (
				91458BA72ACE7C0A004507C8 /* Sources */,
				91458BA82ACE7C0A004507C8 /* Frameworks */,
				91458BA92ACE7C0A004507C8 /* Resources */,
			);
			buildRules = (
			);
			dependencies = (
				91458BAD2ACE7C0A004507C8 /* PBXTargetDependency */,
			);
			name = gitTests;
			productName = gitTests;
			productReference = 91458BAB2ACE7C0A004507C8 /* gitTests.xctest */;
			productType = "com.apple.product-type.bundle.unit-test";
		};
		91458BB42ACE7C0A004507C8 /* gitUITests */ = {
			isa = PBXNativeTarget;
			buildConfigurationList = 91458BC52ACE7C0A004507C8 /* Build configuration list for PBXNativeTarget "gitUITests" */;
			buildPhases = (
				91458BB12ACE7C0A004507C8 /* Sources */,
				91458BB22ACE7C0A004507C8 /* Frameworks */,
				91458BB32ACE7C0A004507C8 /* Resources */,
			);
			buildRules = (
			);
			dependencies = (
				91458BB72ACE7C0A004507C8 /* PBXTargetDependency */,
			);
			name = gitUITests;
			productName = gitUITests;
			productReference = 91458BB52ACE7C0A004507C8 /* gitUITests.xctest */;
			productType = "com.apple.product-type.bundle.ui-testing";
		};
/* End PBXNativeTarget section */

/* Begin PBXProject section */
		91458B932ACE7C09004507C8 /* Project object */ = {
			isa = PBXProject;
			attributes = {
				BuildIndependentTargetsInParallel = 1;
				LastSwiftUpdateCheck = 1420;
				LastUpgradeCheck = 1420;
				TargetAttributes = {
					91458B9A2ACE7C09004507C8 = {
						CreatedOnToolsVersion = 14.2;
					};
					91458BAA2ACE7C0A004507C8 = {
						CreatedOnToolsVersion = 14.2;
						TestTargetID = 91458B9A2ACE7C09004507C8;
					};
					91458BB42ACE7C0A004507C8 = {
						CreatedOnToolsVersion = 14.2;
						TestTargetID = 91458B9A2ACE7C09004507C8;
					};
				};
			};
			buildConfigurationList = 91458B962ACE7C09004507C8 /* Build configuration list for PBXProject "git" */;
			compatibilityVersion = "Xcode 14.0";
			developmentRegion = en;
			hasScannedForEncodings = 0;
			knownRegions = (
				en,
				Base,
			);
			mainGroup = 91458B922ACE7C09004507C8;
			productRefGroup = 91458B9C2ACE7C09004507C8 /* Products */;
			projectDirPath = "";
			projectRoot = "";
			targets = (
				91458B9A2ACE7C09004507C8 /* git */,
				91458BAA2ACE7C0A004507C8 /* gitTests */,
				91458BB42ACE7C0A004507C8 /* gitUITests */,
			);
		};
/* End PBXProject section */

/* Begin PBXResourcesBuildPhase section */
		91458B992ACE7C09004507C8 /* Resources */ = {
			isa = PBXResourcesBuildPhase;
			buildActionMask = 2147483647;
			files = (
				91458BA62ACE7C0A004507C8 /* Preview Assets.xcassets in Resources */,
				91458BA32ACE7C0A004507C8 /* Assets.xcassets in Resources */,
			);
			runOnlyForDeploymentPostprocessing = 0;
		};
		91458BA92ACE7C0A004507C8 /* Resources */ = {
			isa = PBXResourcesBuildPhase;
			buildActionMask = 2147483647;
			files = (
			);
			runOnlyForDeploymentPostprocessing = 0;
		};
		91458BB32ACE7C0A004507C8 /* Resources */ = {
			isa = PBXResourcesBuildPhase;
			buildActionMask = 2147483647;
			files = (
			);
			runOnlyForDeploymentPostprocessing = 0;
		};
/* End PBXResourcesBuildPhase section */

/* Begin PBXSourcesBuildPhase section */
		91458B972ACE7C09004507C8 /* Sources */ = {
			isa = PBXSourcesBuildPhase;
			buildActionMask = 2147483647;
			files = (
				91458BA12ACE7C09004507C8 /* ContentView.swift in Sources */,
				91458B9F2ACE7C09004507C8 /* gitApp.swift in Sources */,
			);
			runOnlyForDeploymentPostprocessing = 0;
		};
		91458BA72ACE7C0A004507C8 /* Sources */ = {
			isa = PBXSourcesBuildPhase;
			buildActionMask = 2147483647;
			files = (
				91458BB02ACE7C0A004507C8 /* gitTests.swift in Sources */,
			);
			runOnlyForDeploymentPostprocessing = 0;
		};
		91458BB12ACE7C0A004507C8 /* Sources */ = {
			isa = PBXSourcesBuildPhase;
			buildActionMask = 2147483647;
			files = (
				91458BBA2ACE7C0A004507C8 /* gitUITests.swift in Sources */,
				91458BBC2ACE7C0A004507C8 /* gitUITestsLaunchTests.swift in Sources */,
			);
			runOnlyForDeploymentPostprocessing = 0;
		};
/* End PBXSourcesBuildPhase section */

/* Begin PBXTargetDependency section */
		91458BAD2ACE7C0A004507C8 /* PBXTargetDependency */ = {
			isa = PBXTargetDependency;
			target = 91458B9A2ACE7C09004507C8 /* git */;
			targetProxy = 91458BAC2ACE7C0A004507C8 /* PBXContainerItemProxy */;
		};
		91458BB72ACE7C0A004507C8 /* PBXTargetDependency */ = {
			isa = PBXTargetDependency;
			target = 91458B9A2ACE7C09004507C8 /* git */;
			targetProxy = 91458BB62ACE7C0A004507C8 /* PBXContainerItemProxy */;
		};
/* End PBXTargetDependency section */

/* Begin XCBuildConfiguration section */
		91458BBD2ACE7C0A004507C8 /* Debug */ = {
			isa = XCBuildConfiguration;
			buildSettings = {
				ALWAYS_SEARCH_USER_PATHS = NO;
				CLANG_ANALYZER_NONNULL = YES;
				CLANG_ANALYZER_NUMBER_OBJECT_CONVERSION = YES_AGGRESSIVE;
				CLANG_CXX_LANGUAGE_STANDARD = "gnu++20";
				CLANG_ENABLE_MODULES = YES;
				CLANG_ENABLE_OBJC_ARC = YES;
				CLANG_ENABLE_OBJC_WEAK = YES;
				CLANG_WARN_BLOCK_CAPTURE_AUTORELEASING = YES;
				CLANG_WARN_BOOL_CONVERSION = YES;
				CLANG_WARN_COMMA = YES;
				CLANG_WARN_CONSTANT_CONVERSION = YES;
				CLANG_WARN_DEPRECATED_OBJC_IMPLEMENTATIONS = YES;
				CLANG_WARN_DIRECT_OBJC_ISA_USAGE = YES_ERROR;
				CLANG_WARN_DOCUMENTATION_COMMENTS = YES;
				CLANG_WARN_EMPTY_BODY = YES;
				CLANG_WARN_ENUM_CONVERSION = YES;
				CLANG_WARN_INFINITE_RECURSION = YES;
				CLANG_WARN_INT_CONVERSION = YES;
				CLANG_WARN_NON_LITERAL_NULL_CONVERSION = YES;
				CLANG_WARN_OBJC_IMPLICIT_RETAIN_SELF = YES;
				CLANG_WARN_OBJC_LITERAL_CONVERSION = YES;
				CLANG_WARN_OBJC_ROOT_CLASS = YES_ERROR;
				CLANG_WARN_QUOTED_INCLUDE_IN_FRAMEWORK_HEADER = YES;
				CLANG_WARN_RANGE_LOOP_ANALYSIS = YES;
				CLANG_WARN_STRICT_PROTOTYPES = YES;
				CLANG_WARN_SUSPICIOUS_MOVE = YES;
				CLANG_WARN_UNGUARDED_AVAILABILITY = YES_AGGRESSIVE;
				CLANG_WARN_UNREACHABLE_CODE = YES;
				CLANG_WARN__DUPLICATE_METHOD_MATCH = YES;
				COPY_PHASE_STRIP = NO;
				DEBUG_INFORMATION_FORMAT = dwarf;
				ENABLE_STRICT_OBJC_MSGSEND = YES;
				ENABLE_TESTABILITY = YES;
				GCC_C_LANGUAGE_STANDARD = gnu11;
				GCC_DYNAMIC_NO_PIC = NO;
				GCC_NO_COMMON_BLOCKS = YES;
				GCC_OPTIMIZATION_LEVEL = 0;
				GCC_PREPROCESSOR_DEFINITIONS = (
					"DEBUG=1",
					"$(inherited)",
				);
				GCC_WARN_64_TO_32_BIT_CONVERSION = YES;
				GCC_WARN_ABOUT_RETURN_TYPE = YES_ERROR;
				GCC_WARN_UNDECLARED_SELECTOR = YES;
				GCC_WARN_UNINITIALIZED_AUTOS = YES_AGGRESSIVE;
				GCC_WARN_UNUSED_FUNCTION = YES;
				GCC_WARN_UNUSED_VARIABLE = YES;
				IPHONEOS_DEPLOYMENT_TARGET = 16.2;
				MTL_ENABLE_DEBUG_INFO = INCLUDE_SOURCE;
				MTL_FAST_MATH = YES;
				ONLY_ACTIVE_ARCH = YES;
				SDKROOT = iphoneos;
				SWIFT_ACTIVE_COMPILATION_CONDITIONS = DEBUG;
				SWIFT_OPTIMIZATION_LEVEL = "-Onone";
			};
			name = Debug;
		};
		91458BBE2ACE7C0A004507C8 /* Release */ = {
			isa = XCBuildConfiguration;
			buildSettings = {
				ALWAYS_SEARCH_USER_PATHS = NO;
				CLANG_ANALYZER_NONNULL = YES;
				CLANG_ANALYZER_NUMBER_OBJECT_CONVERSION = YES_AGGRESSIVE;
				CLANG_CXX_LANGUAGE_STANDARD = "gnu++20";
				CLANG_ENABLE_MODULES = YES;
				CLANG_ENABLE_OBJC_ARC = YES;
				CLANG_ENABLE_OBJC_WEAK = YES;
				CLANG_WARN_BLOCK_CAPTURE_AUTORELEASING = YES;
				CLANG_WARN_BOOL_CONVERSION = YES;
				CLANG_WARN_COMMA = YES;
				CLANG_WARN_CONSTANT_CONVERSION = YES;
				CLANG_WARN_DEPRECATED_OBJC_IMPLEMENTATIONS = YES;
				CLANG_WARN_DIRECT_OBJC_ISA_USAGE = YES_ERROR;
				CLANG_WARN_DOCUMENTATION_COMMENTS = YES;
				CLANG_WARN_EMPTY_BODY = YES;
				CLANG_WARN_ENUM_CONVERSION = YES;
				CLANG_WARN_INFINITE_RECURSION = YES;
				CLANG_WARN_INT_CONVERSION = YES;
				CLANG_WARN_NON_LITERAL_NULL_CONVERSION = YES;
				CLANG_WARN_OBJC_IMPLICIT_RETAIN_SELF = YES;
				CLANG_WARN_OBJC_LITERAL_CONVERSION = YES;
				CLANG_WARN_OBJC_ROOT_CLASS = YES_ERROR;
				CLANG_WARN_QUOTED_INCLUDE_IN_FRAMEWORK_HEADER = YES;
				CLANG_WARN_RANGE_LOOP_ANALYSIS = YES;
				CLANG_WARN_STRICT_PROTOTYPES = YES;
				CLANG_WARN_SUSPICIOUS_MOVE = YES;
				CLANG_WARN_UNGUARDED_AVAILABILITY = YES_AGGRESSIVE;
				CLANG_WARN_UNREACHABLE_CODE = YES;
				CLANG_WARN__DUPLICATE_METHOD_MATCH = YES;
				COPY_PHASE_STRIP = NO;
				DEBUG_INFORMATION_FORMAT = "dwarf-with-dsym";
				ENABLE_NS_ASSERTIONS = NO;
				ENABLE_STRICT_OBJC_MSGSEND = YES;
				GCC_C_LANGUAGE_STANDARD = gnu11;
				GCC_NO_COMMON_BLOCKS = YES;
				GCC_WARN_64_TO_32_BIT_CONVERSION = YES;
				GCC_WARN_ABOUT_RETURN_TYPE = YES_ERROR;
				GCC_WARN_UNDECLARED_SELECTOR = YES;
				GCC_WARN_UNINITIALIZED_AUTOS = YES_AGGRESSIVE;
				GCC_WARN_UNUSED_FUNCTION = YES;
				GCC_WARN_UNUSED_VARIABLE = YES;
				IPHONEOS_DEPLOYMENT_TARGET = 16.2;
				MTL_ENABLE_DEBUG_INFO = NO;
				MTL_FAST_MATH = YES;
				SDKROOT = iphoneos;
				SWIFT_COMPILATION_MODE = wholemodule;
				SWIFT_OPTIMIZATION_LEVEL = "-O";
				VALIDATE_PRODUCT = YES;
			};
			name = Release;
		};
		91458BC02ACE7C0A004507C8 /* Debug */ = {
			isa = XCBuildConfiguration;
			buildSettings = {
				ASSETCATALOG_COMPILER_APPICON_NAME = AppIcon;
				ASSETCATALOG_COMPILER_GLOBAL_ACCENT_COLOR_NAME = AccentColor;
				CODE_SIGN_STYLE = Automatic;
				CURRENT_PROJECT_VERSION = 1;
				DEVELOPMENT_ASSET_PATHS = "\"git/Preview Content\"";
				ENABLE_PREVIEWS = YES;
				GENERATE_INFOPLIST_FILE = YES;
				INFOPLIST_KEY_UIApplicationSceneManifest_Generation = YES;
				INFOPLIST_KEY_UIApplicationSupportsIndirectInputEvents = YES;
				INFOPLIST_KEY_UILaunchScreen_Generation = YES;
				INFOPLIST_KEY_UISupportedInterfaceOrientations_iPad = "UIInterfaceOrientationPortrait UIInterfaceOrientationPortraitUpsideDown UIInterfaceOrientationLandscapeLeft UIInterfaceOrientationLandscapeRight";
				INFOPLIST_KEY_UISupportedInterfaceOrientations_iPhone = "UIInterfaceOrientationPortrait UIInterfaceOrientationLandscapeLeft UIInterfaceOrientationLandscapeRight";
				LD_RUNPATH_SEARCH_PATHS = (
					"$(inherited)",
					"@executable_path/Frameworks",
				);
				MARKETING_VERSION = 1.0;
				PRODUCT_BUNDLE_IDENTIFIER = practice.git;
				PRODUCT_NAME = "$(TARGET_NAME)";
				SWIFT_EMIT_LOC_STRINGS = YES;
				SWIFT_VERSION = 5.0;
				TARGETED_DEVICE_FAMILY = "1,2";
			};
			name = Debug;
		};
		91458BC12ACE7C0A004507C8 /* Release */ = {
			isa = XCBuildConfiguration;
			buildSettings = {
				ASSETCATALOG_COMPILER_APPICON_NAME = AppIcon;
				ASSETCATALOG_COMPILER_GLOBAL_ACCENT_COLOR_NAME = AccentColor;
				CODE_SIGN_STYLE = Automatic;
				CURRENT_PROJECT_VERSION = 1;
				DEVELOPMENT_ASSET_PATHS = "\"git/Preview Content\"";
				ENABLE_PREVIEWS = YES;
				GENERATE_INFOPLIST_FILE = YES;
				INFOPLIST_KEY_UIApplicationSceneManifest_Generation = YES;
				INFOPLIST_KEY_UIApplicationSupportsIndirectInputEvents = YES;
				INFOPLIST_KEY_UILaunchScreen_Generation = YES;
				INFOPLIST_KEY_UISupportedInterfaceOrientations_iPad = "UIInterfaceOrientationPortrait UIInterfaceOrientationPortraitUpsideDown UIInterfaceOrientationLandscapeLeft UIInterfaceOrientationLandscapeRight";
				INFOPLIST_KEY_UISupportedInterfaceOrientations_iPhone = "UIInterfaceOrientationPortrait UIInterfaceOrientationLandscapeLeft UIInterfaceOrientationLandscapeRight";
				LD_RUNPATH_SEARCH_PATHS = (
					"$(inherited)",
					"@executable_path/Frameworks",
				);
				MARKETING_VERSION = 1.0;
				PRODUCT_BUNDLE_IDENTIFIER = practice.git;
				PRODUCT_NAME = "$(TARGET_NAME)";
				SWIFT_EMIT_LOC_STRINGS = YES;
				SWIFT_VERSION = 5.0;
				TARGETED_DEVICE_FAMILY = "1,2";
			};
			name = Release;
		};
		91458BC32ACE7C0A004507C8 /* Debug */ = {
			isa = XCBuildConfiguration;
			buildSettings = {
				ALWAYS_EMBED_SWIFT_STANDARD_LIBRARIES = YES;
				BUNDLE_LOADER = "$(TEST_HOST)";
				CODE_SIGN_STYLE = Automatic;
				CURRENT_PROJECT_VERSION = 1;
				GENERATE_INFOPLIST_FILE = YES;
				IPHONEOS_DEPLOYMENT_TARGET = 16.2;
				MARKETING_VERSION = 1.0;
				PRODUCT_BUNDLE_IDENTIFIER = practice.gitTests;
				PRODUCT_NAME = "$(TARGET_NAME)";
				SWIFT_EMIT_LOC_STRINGS = NO;
				SWIFT_VERSION = 5.0;
				TARGETED_DEVICE_FAMILY = "1,2";
				TEST_HOST = "$(BUILT_PRODUCTS_DIR)/git.app/$(BUNDLE_EXECUTABLE_FOLDER_PATH)/git";
			};
			name = Debug;
		};
		91458BC42ACE7C0A004507C8 /* Release */ = {
			isa = XCBuildConfiguration;
			buildSettings = {
				ALWAYS_EMBED_SWIFT_STANDARD_LIBRARIES = YES;
				BUNDLE_LOADER = "$(TEST_HOST)";
				CODE_SIGN_STYLE = Automatic;
				CURRENT_PROJECT_VERSION = 1;
				GENERATE_INFOPLIST_FILE = YES;
				IPHONEOS_DEPLOYMENT_TARGET = 16.2;
				MARKETING_VERSION = 1.0;
				PRODUCT_BUNDLE_IDENTIFIER = practice.gitTests;
				PRODUCT_NAME = "$(TARGET_NAME)";
				SWIFT_EMIT_LOC_STRINGS = NO;
				SWIFT_VERSION = 5.0;
				TARGETED_DEVICE_FAMILY = "1,2";
				TEST_HOST = "$(BUILT_PRODUCTS_DIR)/git.app/$(BUNDLE_EXECUTABLE_FOLDER_PATH)/git";
			};
			name = Release;
		};
		91458BC62ACE7C0A004507C8 /* Debug */ = {
			isa = XCBuildConfiguration;
			buildSettings = {
				ALWAYS_EMBED_SWIFT_STANDARD_LIBRARIES = YES;
				CODE_SIGN_STYLE = Automatic;
				CURRENT_PROJECT_VERSION = 1;
				GENERATE_INFOPLIST_FILE = YES;
				MARKETING_VERSION = 1.0;
				PRODUCT_BUNDLE_IDENTIFIER = practice.gitUITests;
				PRODUCT_NAME = "$(TARGET_NAME)";
				SWIFT_EMIT_LOC_STRINGS = NO;
				SWIFT_VERSION = 5.0;
				TARGETED_DEVICE_FAMILY = "1,2";
				TEST_TARGET_NAME = git;
			};
			name = Debug;
		};
		91458BC72ACE7C0A004507C8 /* Release */ = {
			isa = XCBuildConfiguration;
			buildSettings = {
				ALWAYS_EMBED_SWIFT_STANDARD_LIBRARIES = YES;
				CODE_SIGN_STYLE = Automatic;
				CURRENT_PROJECT_VERSION = 1;
				GENERATE_INFOPLIST_FILE = YES;
				MARKETING_VERSION = 1.0;
				PRODUCT_BUNDLE_IDENTIFIER = practice.gitUITests;
				PRODUCT_NAME = "$(TARGET_NAME)";
				SWIFT_EMIT_LOC_STRINGS = NO;
				SWIFT_VERSION = 5.0;
				TARGETED_DEVICE_FAMILY = "1,2";
				TEST_TARGET_NAME = git;
			};
			name = Release;
		};
/* End XCBuildConfiguration section */

/* Begin XCConfigurationList section */
		91458B962ACE7C09004507C8 /* Build configuration list for PBXProject "git" */ = {
			isa = XCConfigurationList;
			buildConfigurations = (
				91458BBD2ACE7C0A004507C8 /* Debug */,
				91458BBE2ACE7C0A004507C8 /* Release */,
			);
			defaultConfigurationIsVisible = 0;
			defaultConfigurationName = Release;
		};
		91458BBF2ACE7C0A004507C8 /* Build configuration list for PBXNativeTarget "git" */ = {
			isa = XCConfigurationList;
			buildConfigurations = (
				91458BC02ACE7C0A004507C8 /* Debug */,
				91458BC12ACE7C0A004507C8 /* Release */,
			);
			defaultConfigurationIsVisible = 0;
			defaultConfigurationName = Release;
		};
		91458BC22ACE7C0A004507C8 /* Build configuration list for PBXNativeTarget "gitTests" */ = {
			isa = XCConfigurationList;
			buildConfigurations = (
				91458BC32ACE7C0A004507C8 /* Debug */,
				91458BC42ACE7C0A004507C8 /* Release */,
			);
			defaultConfigurationIsVisible = 0;
			defaultConfigurationName = Release;
		};
		91458BC52ACE7C0A004507C8 /* Build configuration list for PBXNativeTarget "gitUITests" */ = {
			isa = XCConfigurationList;
			buildConfigurations = (
				91458BC62ACE7C0A004507C8 /* Debug */,
				91458BC72ACE7C0A004507C8 /* Release */,
			);
			defaultConfigurationIsVisible = 0;
			defaultConfigurationName = Release;
		};
/* End XCConfigurationList section */
	};
	rootObject = 91458B932ACE7C09004507C8 /* Project object */;
}
